{
  "nodes": {
    "nixpkgs": {
      "locked": {
        "lastModified": 1779475168,
        "narHash": "sha256-gm3D4FF9EcZlXK/ZnsC6IYzpEQplOoT+LPTurzOPyrk=",
        "owner": "NixOS",
        "repo": "nixpkgs",
        "rev": "a0991c886dc83e6e9de01d5266e4842985b1850e",
        "type": "github"
      },
      "original": {
        "owner": "NixOS",
        "ref": "nixpkgs-unstable",
        "repo": "nixpkgs",
        "type": "github"
      }
    },
    "plugins-lze": {
      "flake": false,
      "locked": {
        "lastModified": 1779072938,
        "narHash": "sha256-u51pEVISr/jthElqorjttpfK/V3/iDQmter5Upnt0XU=",
        "owner": "BirdeeHub",
        "repo": "lze",
        "rev": "1779386ec281b6c7fe7a5d3d501656ec345e9e37",
        "type": "github"
      },
      "original": {
        "owner": "BirdeeHub",
        "repo": "lze",
        "type": "github"
      }
    },
    "plugins-lzextras": {
      "flake": false,
      "locked": {
        "lastModified": 1779149362,
        "narHash": "sha256-neZA450ZP5nqaqp/uhQIEVVYBnYkvo0cBcC93F3D+Co=",
        "owner": "BirdeeHub",
        "repo": "lzextras",
        "rev": "138a1a08a8585520f3425a0e03390a534a376fdd",
        "type": "github"
      },
      "original": {
        "owner": "BirdeeHub",
        "repo": "lzextras",
        "type": "github"
      }
    },
    "root": {
      "inputs": {
        "nixpkgs": "nixpkgs",
        "plugins-lze": "plugins-lze",
        "plugins-lzextras": "plugins-lzextras",
        "wrappers": "wrappers"
      }
    },
    "wrappers": {
      "inputs": {
        "nixpkgs": [
          "nixpkgs"
        ]
      },
      "locked": {
        "lastModified": 1779512817,
        "narHash": "sha256-Y2S3mvEezyKL/A4XUkgVbhuvob9YKfnG25NuJDl8fuQ=",
        "owner": "BirdeeHub",
        "repo": "nix-wrapper-modules",
        "rev": "8c90cbe3aaae094370b08f270682fc352fcbcb91",
        "type": "github"
      },
      "original": {
        "owner": "BirdeeHub",
        "repo": "nix-wrapper-modules",
        "type": "github"
      }
    }
  },
  "root": "root",
  "version": 7
}
